
Microsoft Visual Studio Solution File, Format Version 12.00
# Visual Studio Version 17
VisualStudioVersion = 17.10.35013.160
MinimumVisualStudioVersion = 10.0.40219.1
Project("{FAE04EC0-301F-11D3-BF4B-00C04F79EFBC}") = "kukuyk", "kukuyk\kukuyk.csproj", "{172A4CC5-35D9-4DA7-8085-0D88BFD64910}"
EndProject
Global
	GlobalSection(SolutionConfigurationPlatforms) = preSolution
		Debug|Any CPU = Debug|Any CPU
		Release|Any CPU = Release|Any CPU
	EndGlobalSection
	GlobalSection(ProjectConfigurationPlatforms) = postSolution
		{172A4CC5-35D9-4DA7-8085-0D88BFD64910}.Debug|Any CPU.ActiveCfg = Debug|Any CPU
		{172A4CC5-35D9-4DA7-8085-0D88BFD64910}.Debug|Any CPU.Build.0 = Debug|Any CPU
		{172A4CC5-35D9-4DA7-8085-0D88BFD64910}.Release|Any CPU.ActiveCfg = Release|Any CPU
		{172A4CC5-35D9-4DA7-8085-0D88BFD64910}.Release|Any CPU.Build.0 = Release|Any CPU
	EndGlobalSection
	GlobalSection(SolutionProperties) = preSolution
		HideSolutionNode = FALSE
	EndGlobalSection
	GlobalSection(ExtensibilityGlobals) = postSolution
		SolutionGuid = {5502240D-6F59-4815-88D5-333842F5C5C5}
	EndGlobalSection
EndGlobal
